
Microsoft Visual Studio Solution File, Format Version 12.00
# Visual Studio Version 16
VisualStudioVersion = 16.0.29306.81
MinimumVisualStudioVersion = 10.0.40219.1
Project("{FAE04EC0-301F-11D3-BF4B-00C04F79EFBC}") = "ReduxYouAsk", "ReduxYouAsk\ReduxYouAsk.csproj", "{3F38C8BB-84A2-4771-96AF-1DCA6B08E2BA}"
EndProject
Global
	GlobalSection(SolutionConfigurationPlatforms) = preSolution
		Debug|Any CPU = Debug|Any CPU
		Release|Any CPU = Release|Any CPU
	EndGlobalSection
	GlobalSection(ProjectConfigurationPlatforms) = postSolution
		{3F38C8BB-84A2-4771-96AF-1DCA6B08E2BA}.Debug|Any CPU.ActiveCfg = Debug|Any CPU
		{3F38C8BB-84A2-4771-96AF-1DCA6B08E2BA}.Debug|Any CPU.Build.0 = Debug|Any CPU
		{3F38C8BB-84A2-4771-96AF-1DCA6B08E2BA}.Release|Any CPU.ActiveCfg = Release|Any CPU
		{3F38C8BB-84A2-4771-96AF-1DCA6B08E2BA}.Release|Any CPU.Build.0 = Release|Any CPU
	EndGlobalSection
	GlobalSection(SolutionProperties) = preSolution
		HideSolutionNode = FALSE
	EndGlobalSection
	GlobalSection(ExtensibilityGlobals) = postSolution
		SolutionGuid = {B0622CE6-B3D2-4E96-9707-4111361B458B}
	EndGlobalSection
EndGlobal
